// !$*UTF8*$!
{
	archiveVersion = 1;
	classes = {
	};
	objectVersion = 46;
	objects = {

/* Begin PBXBuildFile section */
		6DD555FD197D877E00FC5A88 /* AppDelegate.swift in Sources */ = {isa = PBXBuildFile; fileRef = 6DD555FC197D877E00FC5A88 /* AppDelegate.swift */; };
		6DD555FF197D877E00FC5A88 /* ViewController.swift in Sources */ = {isa = PBXBuildFile; fileRef = 6DD555FE197D877E00FC5A88 /* ViewController.swift */; };
		6DD55602197D877E00FC5A88 /* Main.storyboard in Resources */ = {isa = PBXBuildFile; fileRef = 6DD55600197D877E00FC5A88 /* Main.storyboard */; };
		6DD55604197D877E00FC5A88 /* Images.xcassets in Resources */ = {isa = PBXBuildFile; fileRef = 6DD55603197D877E00FC5A88 /* Images.xcassets */; };
		6DD55610197D877E00FC5A88 /* ClassRosterTests.swift in Sources */ = {isa = PBXBuildFile; fileRef = 6DD5560F197D877E00FC5A88 /* ClassRosterTests.swift */; };
		6DD5561C197D89BF00FC5A88 /* PersonTests.swift in Sources */ = {isa = PBXBuildFile; fileRef = 6DD5561B197D89BF00FC5A88 /* PersonTests.swift */; };
		6DD5561E197D8AC700FC5A88 /* Person.swift in Sources */ = {isa = PBXBuildFile; fileRef = 6DD5561D197D8AC700FC5A88 /* Person.swift */; };
		6DD5561F197D8DF500FC5A88 /* Person.swift in Sources */ = {isa = PBXBuildFile; fileRef = 6DD5561D197D8AC700FC5A88 /* Person.swift */; };
		6DD55621197DC6B600FC5A88 /* PeopleList.plist in Resources */ = {isa = PBXBuildFile; fileRef = 6DD55620197DC6B600FC5A88 /* PeopleList.plist */; };
		6DEB805C197F0DAA00FFA2E3 /* DetailViewController.swift in Sources */ = {isa = PBXBuildFile; fileRef = 6DEB805B197F0DAA00FFA2E3 /* DetailViewController.swift */; };
/* End PBXBuildFile section */

/* Begin PBXContainerItemProxy section */
		6DD5560A197D877E00FC5A88 /* PBXContainerItemProxy */ = {
			isa = PBXContainerItemProxy;
			containerPortal = 6DD555EF197D877E00FC5A88 /* Project object */;
			proxyType = 1;
			remoteGlobalIDString = 6DD555F6197D877E00FC5A88;
			remoteInfo = ClassRoster;
		};
/* End PBXContainerItemProxy section */

/* Begin PBXFileReference section */
		6DD555F7197D877E00FC5A88 /* ClassRoster.app */ = {isa = PBXFileReference; explicitFileType = wrapper.application; includeInIndex = 0; path = ClassRoster.app; sourceTree = BUILT_PRODUCTS_DIR; };
		6DD555FB197D877E00FC5A88 /* Info.plist */ = {isa = PBXFileReference; lastKnownFileType = text.plist.xml; path = Info.plist; sourceTree = "<group>"; };
		6DD555FC197D877E00FC5A88 /* AppDelegate.swift */ = {isa = PBXFileReference; lastKnownFileType = sourcecode.swift; path = AppDelegate.swift; sourceTree = "<group>"; };
		6DD555FE197D877E00FC5A88 /* ViewController.swift */ = {isa = PBXFileReference; lastKnownFileType = sourcecode.swift; path = ViewController.swift; sourceTree = "<group>"; };
		6DD55601197D877E00FC5A88 /* Base */ = {isa = PBXFileReference; lastKnownFileType = file.storyboard; name = Base; path = Base.lproj/Main.storyboard; sourceTree = "<group>"; };
		6DD55603197D877E00FC5A88 /* Images.xcassets */ = {isa = PBXFileReference; lastKnownFileType = folder.assetcatalog; path = Images.xcassets; sourceTree = "<group>"; };
		6DD55609197D877E00FC5A88 /* ClassRosterTests.xctest */ = {isa = PBXFileReference; explicitFileType = wrapper.cfbundle; includeInIndex = 0; path = ClassRosterTests.xctest; sourceTree = BUILT_PRODUCTS_DIR; };
		6DD5560E197D877E00FC5A88 /* Info.plist */ = {isa = PBXFileReference; lastKnownFileType = text.plist.xml; path = Info.plist; sourceTree = "<group>"; };
		6DD5560F197D877E00FC5A88 /* ClassRosterTests.swift */ = {isa = PBXFileReference; lastKnownFileType = sourcecode.swift; path = ClassRosterTests.swift; sourceTree = "<group>"; };
		6DD5561B197D89BF00FC5A88 /* PersonTests.swift */ = {isa = PBXFileReference; fileEncoding = 4; lastKnownFileType = sourcecode.swift; path = PersonTests.swift; sourceTree = "<group>"; };
		6DD5561D197D8AC700FC5A88 /* Person.swift */ = {isa = PBXFileReference; fileEncoding = 4; lastKnownFileType = sourcecode.swift; path = Person.swift; sourceTree = "<group>"; };
		6DD55620197DC6B600FC5A88 /* PeopleList.plist */ = {isa = PBXFileReference; fileEncoding = 4; lastKnownFileType = text.plist.xml; path = PeopleList.plist; sourceTree = "<group>"; };
		6DEB805B197F0DAA00FFA2E3 /* DetailViewController.swift */ = {isa = PBXFileReference; fileEncoding = 4; lastKnownFileType = sourcecode.swift; path = DetailViewController.swift; sourceTree = "<group>"; };
/* End PBXFileReference section */

/* Begin PBXFrameworksBuildPhase section */
		6DD555F4197D877E00FC5A88 /* Frameworks */ = {
			isa = PBXFrameworksBuildPhase;
			buildActionMask = 2147483647;
			files = (
			);
			runOnlyForDeploymentPostprocessing = 0;
		};
		6DD55606197D877E00FC5A88 /* Frameworks */ = {
			isa = PBXFrameworksBuildPhase;
			buildActionMask = 2147483647;
			files = (
			);
			runOnlyForDeploymentPostprocessing = 0;
		};
/* End PBXFrameworksBuildPhase section */

/* Begin PBXGroup section */
		6DD555EE197D877E00FC5A88 = {
			isa = PBXGroup;
			children = (
				6DD555F9197D877E00FC5A88 /* ClassRoster */,
				6DD5560C197D877E00FC5A88 /* ClassRosterTests */,
				6DD555F8197D877E00FC5A88 /* Products */,
			);
			sourceTree = "<group>";
		};
		6DD555F8197D877E00FC5A88 /* Products */ = {
			isa = PBXGroup;
			children = (
				6DD555F7197D877E00FC5A88 /* ClassRoster.app */,
				6DD55609197D877E00FC5A88 /* ClassRosterTests.xctest */,
			);
			name = Products;
			sourceTree = "<group>";
		};
		6DD555F9197D877E00FC5A88 /* ClassRoster */ = {
			isa = PBXGroup;
			children = (
				6DD5561A197D886600FC5A88 /* View */,
				6DD55619197D879E00FC5A88 /* Controller */,
				6DD555FC197D877E00FC5A88 /* AppDelegate.swift */,
				6DD55620197DC6B600FC5A88 /* PeopleList.plist */,
				6DD55600197D877E00FC5A88 /* Main.storyboard */,
				6DD55603197D877E00FC5A88 /* Images.xcassets */,
				6DD555FA197D877E00FC5A88 /* Supporting Files */,
				6DD5561B197D89BF00FC5A88 /* PersonTests.swift */,
				6DD5561D197D8AC700FC5A88 /* Person.swift */,
			);
			path = ClassRoster;
			sourceTree = "<group>";
		};
		6DD555FA197D877E00FC5A88 /* Supporting Files */ = {
			isa = PBXGroup;
			children = (
				6DD555FB197D877E00FC5A88 /* Info.plist */,
			);
			name = "Supporting Files";
			sourceTree = "<group>";
		};
		6DD5560C197D877E00FC5A88 /* ClassRosterTests */ = {
			isa = PBXGroup;
			children = (
				6DD5560F197D877E00FC5A88 /* ClassRosterTests.swift */,
				6DD5560D197D877E00FC5A88 /* Supporting Files */,
			);
			path = ClassRosterTests;
			sourceTree = "<group>";
		};
		6DD5560D197D877E00FC5A88 /* Supporting Files */ = {
			isa = PBXGroup;
			children = (
				6DD5560E197D877E00FC5A88 /* Info.plist */,
			);
			name = "Supporting Files";
			sourceTree = "<group>";
		};
		6DD55619197D879E00FC5A88 /* Controller */ = {
			isa = PBXGroup;
			children = (
				6DD555FE197D877E00FC5A88 /* ViewController.swift */,
				6DEB805B197F0DAA00FFA2E3 /* DetailViewController.swift */,
			);
			name = Controller;
			sourceTree = "<group>";
		};
		6DD5561A197D886600FC5A88 /* View */ = {
			isa = PBXGroup;
			children = (
			);
			name = View;
			sourceTree = "<group>";
		};
/* End PBXGroup section */

/* Begin PBXNativeTarget section */
		6DD555F6197D877E00FC5A88 /* ClassRoster */ = {
			isa = PBXNativeTarget;
			buildConfigurationList = 6DD55613197D877E00FC5A88 /* Build configuration list for PBXNativeTarget "ClassRoster" */;
			buildPhases = (
				6DD555F3197D877E00FC5A88 /* Sources */,
				6DD555F4197D877E00FC5A88 /* Frameworks */,
				6DD555F5197D877E00FC5A88 /* Resources */,
			);
			buildRules = (
			);
			dependencies = (
			);
			name = ClassRoster;
			productName = ClassRoster;
			productReference = 6DD555F7197D877E00FC5A88 /* ClassRoster.app */;
			productType = "com.apple.product-type.application";
		};
		6DD55608197D877E00FC5A88 /* ClassRosterTests */ = {
			isa = PBXNativeTarget;
			buildConfigurationList = 6DD55616197D877E00FC5A88 /* Build configuration list for PBXNativeTarget "ClassRosterTests" */;
			buildPhases = (
				6DD55605197D877E00FC5A88 /* Sources */,
				6DD55606197D877E00FC5A88 /* Frameworks */,
				6DD55607197D877E00FC5A88 /* Resources */,
			);
			buildRules = (
			);
			dependencies = (
				6DD5560B197D877E00FC5A88 /* PBXTargetDependency */,
			);
			name = ClassRosterTests;
			productName = ClassRosterTests;
			productReference = 6DD55609197D877E00FC5A88 /* ClassRosterTests.xctest */;
			productType = "com.apple.product-type.bundle.unit-test";
		};
/* End PBXNativeTarget section */

/* Begin PBXProject section */
		6DD555EF197D877E00FC5A88 /* Project object */ = {
			isa = PBXProject;
			attributes = {
				LastUpgradeCheck = 0600;
				ORGANIZATIONNAME = learnswift;
				TargetAttributes = {
					6DD555F6197D877E00FC5A88 = {
						CreatedOnToolsVersion = 6.0;
					};
					6DD55608197D877E00FC5A88 = {
						CreatedOnToolsVersion = 6.0;
						TestTargetID = 6DD555F6197D877E00FC5A88;
					};
				};
			};
			buildConfigurationList = 6DD555F2197D877E00FC5A88 /* Build configuration list for PBXProject "ClassRoster" */;
			compatibilityVersion = "Xcode 3.2";
			developmentRegion = English;
			hasScannedForEncodings = 0;
			knownRegions = (
				en,
				Base,
			);
			mainGroup = 6DD555EE197D877E00FC5A88;
			productRefGroup = 6DD555F8197D877E00FC5A88 /* Products */;
			projectDirPath = "";
			projectRoot = "";
			targets = (
				6DD555F6197D877E00FC5A88 /* ClassRoster */,
				6DD55608197D877E00FC5A88 /* ClassRosterTests */,
			);
		};
/* End PBXProject section */

/* Begin PBXResourcesBuildPhase section */
		6DD555F5197D877E00FC5A88 /* Resources */ = {
			isa = PBXResourcesBuildPhase;
			buildActionMask = 2147483647;
			files = (
				6DD55602197D877E00FC5A88 /* Main.storyboard in Resources */,
				6DD55604197D877E00FC5A88 /* Images.xcassets in Resources */,
				6DD55621197DC6B600FC5A88 /* PeopleList.plist in Resources */,
			);
			runOnlyForDeploymentPostprocessing = 0;
		};
		6DD55607197D877E00FC5A88 /* Resources */ = {
			isa = PBXResourcesBuildPhase;
			buildActionMask = 2147483647;
			files = (
			);
			runOnlyForDeploymentPostprocessing = 0;
		};
/* End PBXResourcesBuildPhase section */

/* Begin PBXSourcesBuildPhase section */
		6DD555F3197D877E00FC5A88 /* Sources */ = {
			isa = PBXSourcesBuildPhase;
			buildActionMask = 2147483647;
			files = (
				6DD5561E197D8AC700FC5A88 /* Person.swift in Sources */,
				6DD555FF197D877E00FC5A88 /* ViewController.swift in Sources */,
				6DD555FD197D877E00FC5A88 /* AppDelegate.swift in Sources */,
				6DEB805C197F0DAA00FFA2E3 /* DetailViewController.swift in Sources */,
			);
			runOnlyForDeploymentPostprocessing = 0;
		};
		6DD55605197D877E00FC5A88 /* Sources */ = {
			isa = PBXSourcesBuildPhase;
			buildActionMask = 2147483647;
			files = (
				6DD5561F197D8DF500FC5A88 /* Person.swift in Sources */,
				6DD5561C197D89BF00FC5A88 /* PersonTests.swift in Sources */,
				6DD55610197D877E00FC5A88 /* ClassRosterTests.swift in Sources */,
			);
			runOnlyForDeploymentPostprocessing = 0;
		};
/* End PBXSourcesBuildPhase section */

/* Begin PBXTargetDependency section */
		6DD5560B197D877E00FC5A88 /* PBXTargetDependency */ = {
			isa = PBXTargetDependency;
			target = 6DD555F6197D877E00FC5A88 /* ClassRoster */;
			targetProxy = 6DD5560A197D877E00FC5A88 /* PBXContainerItemProxy */;
		};
/* End PBXTargetDependency section */

/* Begin PBXVariantGroup section */
		6DD55600197D877E00FC5A88 /* Main.storyboard */ = {
			isa = PBXVariantGroup;
			children = (
				6DD55601197D877E00FC5A88 /* Base */,
			);
			name = Main.storyboard;
			sourceTree = "<group>";
		};
/* End PBXVariantGroup section */

/* Begin XCBuildConfiguration section */
		6DD55611197D877E00FC5A88 /* Debug */ = {
			isa = XCBuildConfiguration;
			buildSettings = {
				ALWAYS_SEARCH_USER_PATHS = NO;
				CLANG_CXX_LANGUAGE_STANDARD = "gnu++0x";
				CLANG_CXX_LIBRARY = "libc++";
				CLANG_ENABLE_MODULES = YES;
				CLANG_ENABLE_OBJC_ARC = YES;
				CLANG_WARN_BOOL_CONVERSION = YES;
				CLANG_WARN_CONSTANT_CONVERSION = YES;
				CLANG_WARN_DIRECT_OBJC_ISA_USAGE = YES_ERROR;
				CLANG_WARN_EMPTY_BODY = YES;
				CLANG_WARN_ENUM_CONVERSION = YES;
				CLANG_WARN_INT_CONVERSION = YES;
				CLANG_WARN_OBJC_ROOT_CLASS = YES_ERROR;
				CLANG_WARN_UNREACHABLE_CODE = YES;
				CLANG_WARN__DUPLICATE_METHOD_MATCH = YES;
				"CODE_SIGN_IDENTITY[sdk=iphoneos*]" = "iPhone Developer";
				COPY_PHASE_STRIP = NO;
				ENABLE_STRICT_OBJC_MSGSEND = YES;
				GCC_C_LANGUAGE_STANDARD = gnu99;
				GCC_DYNAMIC_NO_PIC = NO;
				GCC_OPTIMIZATION_LEVEL = 0;
				GCC_PREPROCESSOR_DEFINITIONS = (
					"DEBUG=1",
					"$(inherited)",
				);
				GCC_SYMBOLS_PRIVATE_EXTERN = NO;
				GCC_WARN_64_TO_32_BIT_CONVERSION = YES;
				GCC_WARN_ABOUT_RETURN_TYPE = YES_ERROR;
				GCC_WARN_UNDECLARED_SELECTOR = YES;
				GCC_WARN_UNINITIALIZED_AUTOS = YES_AGGRESSIVE;
				GCC_WARN_UNUSED_FUNCTION = YES;
				GCC_WARN_UNUSED_VARIABLE = YES;
				IPHONEOS_DEPLOYMENT_TARGET = 8.0;
				MTL_ENABLE_DEBUG_INFO = YES;
				ONLY_ACTIVE_ARCH = YES;
				SDKROOT = iphoneos;
				SWIFT_OPTIMIZATION_LEVEL = "-Onone";
				TARGETED_DEVICE_FAMILY = "1,2";
			};
			name = Debug;
		};
		6DD55612197D877E00FC5A88 /* Release */ = {
			isa = XCBuildConfiguration;
			buildSettings = {
				ALWAYS_SEARCH_USER_PATHS = NO;
				CLANG_CXX_LANGUAGE_STANDARD = "gnu++0x";
				CLANG_CXX_LIBRARY = "libc++";
				CLANG_ENABLE_MODULES = YES;
				CLANG_ENABLE_OBJC_ARC = YES;
				CLANG_WARN_BOOL_CONVERSION = YES;
				CLANG_WARN_CONSTANT_CONVERSION = YES;
				CLANG_WARN_DIRECT_OBJC_ISA_USAGE = YES_ERROR;
				CLANG_WARN_EMPTY_BODY = YES;
				CLANG_WARN_ENUM_CONVERSION = YES;
				CLANG_WARN_INT_CONVERSION = YES;
				CLANG_WARN_OBJC_ROOT_CLASS = YES_ERROR;
				CLANG_WARN_UNREACHABLE_CODE = YES;
				CLANG_WARN__DUPLICATE_METHOD_MATCH = YES;
				"CODE_SIGN_IDENTITY[sdk=iphoneos*]" = "iPhone Developer";
				COPY_PHASE_STRIP = YES;
				ENABLE_NS_ASSERTIONS = NO;
				ENABLE_STRICT_OBJC_MSGSEND = YES;
				GCC_C_LANGUAGE_STANDARD = gnu99;
				GCC_WARN_64_TO_32_BIT_CONVERSION = YES;
				GCC_WARN_ABOUT_RETURN_TYPE = YES_ERROR;
				GCC_WARN_UNDECLARED_SELECTOR = YES;
				GCC_WARN_UNINITIALIZED_AUTOS = YES_AGGRESSIVE;
				GCC_WARN_UNUSED_FUNCTION = YES;
				GCC_WARN_UNUSED_VARIABLE = YES;
				IPHONEOS_DEPLOYMENT_TARGET = 8.0;
				MTL_ENABLE_DEBUG_INFO = NO;
				SDKROOT = iphoneos;
				TARGETED_DEVICE_FAMILY = "1,2";
				VALIDATE_PRODUCT = YES;
			};
			name = Release;
		};
		6DD55614197D877E00FC5A88 /* Debug */ = {
			isa = XCBuildConfiguration;
			buildSettings = {
				ASSETCATALOG_COMPILER_APPICON_NAME = AppIcon;
				ASSETCATALOG_COMPILER_LAUNCHIMAGE_NAME = LaunchImage;
				INFOPLIST_FILE = ClassRoster/Info.plist;
				IPHONEOS_DEPLOYMENT_TARGET = 8.0;
				LD_RUNPATH_SEARCH_PATHS = "$(inherited) @executable_path/Frameworks";
				PRODUCT_NAME = "$(TARGET_NAME)";
			};
			name = Debug;
		};
		6DD55615197D877E00FC5A88 /* Release */ = {
			isa = XCBuildConfiguration;
			buildSettings = {
				ASSETCATALOG_COMPILER_APPICON_NAME = AppIcon;
				ASSETCATALOG_COMPILER_LAUNCHIMAGE_NAME = LaunchImage;
				INFOPLIST_FILE = ClassRoster/Info.plist;
				IPHONEOS_DEPLOYMENT_TARGET = 8.0;
				LD_RUNPATH_SEARCH_PATHS = "$(inherited) @executable_path/Frameworks";
				PRODUCT_NAME = "$(TARGET_NAME)";
			};
			name = Release;
		};
		6DD55617197D877E00FC5A88 /* Debug */ = {
			isa = XCBuildConfiguration;
			buildSettings = {
				BUNDLE_LOADER = "$(BUILT_PRODUCTS_DIR)/ClassRoster.app/ClassRoster";
				FRAMEWORK_SEARCH_PATHS = (
					"$(SDKROOT)/Developer/Library/Frameworks",
					"$(inherited)",
				);
				GCC_PREPROCESSOR_DEFINITIONS = (
					"DEBUG=1",
					"$(inherited)",
				);
				INFOPLIST_FILE = ClassRosterTests/Info.plist;
				LD_RUNPATH_SEARCH_PATHS = "$(inherited) @executable_path/Frameworks @loader_path/Frameworks";
				PRODUCT_NAME = "$(TARGET_NAME)";
				TEST_HOST = "$(BUNDLE_LOADER)";
			};
			name = Debug;
		};
		6DD55618197D877E00FC5A88 /* Release */ = {
			isa = XCBuildConfiguration;
			buildSettings = {
				BUNDLE_LOADER = "$(BUILT_PRODUCTS_DIR)/ClassRoster.app/ClassRoster";
				FRAMEWORK_SEARCH_PATHS = (
					"$(SDKROOT)/Developer/Library/Frameworks",
					"$(inherited)",
				);
				INFOPLIST_FILE = ClassRosterTests/Info.plist;
				LD_RUNPATH_SEARCH_PATHS = "$(inherited) @executable_path/Frameworks @loader_path/Frameworks";
				PRODUCT_NAME = "$(TARGET_NAME)";
				TEST_HOST = "$(BUNDLE_LOADER)";
			};
			name = Release;
		};
/* End XCBuildConfiguration section */

/* Begin XCConfigurationList section */
		6DD555F2197D877E00FC5A88 /* Build configuration list for PBXProject "ClassRoster" */ = {
			isa = XCConfigurationList;
			buildConfigurations = (
				6DD55611197D877E00FC5A88 /* Debug */,
				6DD55612197D877E00FC5A88 /* Release */,
			);
			defaultConfigurationIsVisible = 0;
			defaultConfigurationName = Release;
		};
		6DD55613197D877E00FC5A88 /* Build configuration list for PBXNativeTarget "ClassRoster" */ = {
			isa = XCConfigurationList;
			buildConfigurations = (
				6DD55614197D877E00FC5A88 /* Debug */,
				6DD55615197D877E00FC5A88 /* Release */,
			);
			defaultConfigurationIsVisible = 0;
			defaultConfigurationName = Release;
		};
		6DD55616197D877E00FC5A88 /* Build configuration list for PBXNativeTarget "ClassRosterTests" */ = {
			isa = XCConfigurationList;
			buildConfigurations = (
				6DD55617197D877E00FC5A88 /* Debug */,
				6DD55618197D877E00FC5A88 /* Release */,
			);
			defaultConfigurationIsVisible = 0;
			defaultConfigurationName = Release;
		};
/* End XCConfigurationList section */
	};
	rootObject = 6DD555EF197D877E00FC5A88 /* Project object */;
}
